{
  "name": "stackignitedocs",
  "version": "1.0.0",
  "lockfileVersion": 2,
  "requires": true,
  "packages": {
    "": {
      "name": "stackignitedocs",
      "version": "1.0.0",
      "license": "Apache-2.0",
      "dependencies": {
        "stackignite": "^1.0.0"
      },
      "devDependencies": {}
    },
    "../code": {
      "name": "stackignite",
      "version": "1.0.0",
      "extraneous": true,
      "license": "Apache-2.0"
    },
    "node_modules/stackignite": {
      "version": "1.0.0",
      "resolved": "https://registry.npmjs.org/stackignite/-/stackignite-1.0.0.tgz",
      "integrity": "sha512-RbnQ5YM+BEE7NZeam8NVC/ZlZlVzI9h2EOlDGfVhGstH/J/BN0ZYiZG1afqVbozTMm/Qn5MsfIoWjwoqLSj2bw=="
    }
  },
  "dependencies": {
    "stackignite": {
      "version": "1.0.0",
      "resolved": "https://registry.npmjs.org/stackignite/-/stackignite-1.0.0.tgz",
      "integrity": "sha512-RbnQ5YM+BEE7NZeam8NVC/ZlZlVzI9h2EOlDGfVhGstH/J/BN0ZYiZG1afqVbozTMm/Qn5MsfIoWjwoqLSj2bw=="
    }
  }
}
