{
  "name": "stackignitedocs",
  "version": "1.0.0",
  "lockfileVersion": 2,
  "requires": true,
  "packages": {
    "": {
      "name": "stackignitedocs",
      "version": "1.0.0",
      "license": "Apache-2.0",
      "dependencies": {
        "stackignite": "^2.0.0"
      }
    },
    "node_modules/stackignite": {
      "version": "2.0.0",
      "resolved": "https://registry.npmjs.org/stackignite/-/stackignite-2.0.0.tgz",
      "integrity": "sha512-Om88QQEAaVmK+LJLaIAXPa4Rix/36wUbk1/zWHVWvdGSQh2nI9NzKMvCFTVotCajwT9RVW5JdNtkphncptgGeg=="
    }
  },
  "dependencies": {
    "stackignite": {
      "version": "2.0.0",
      "resolved": "https://registry.npmjs.org/stackignite/-/stackignite-2.0.0.tgz",
      "integrity": "sha512-Om88QQEAaVmK+LJLaIAXPa4Rix/36wUbk1/zWHVWvdGSQh2nI9NzKMvCFTVotCajwT9RVW5JdNtkphncptgGeg=="
    }
  }
}
